Microsoft Visual Studio Solution File, Format Version 12.00
# Visual Studio 2013
VisualStudioVersion = 12.0.0.0
MinimumVisualStudioVersion = 10.0.0.1
Project("{FAE04EC0-301F-11D3-BF4B-00C04F79EFBC}") = "Digipost.Signature.Api.Client.Direct", "Digipost.Signature.Api.Client.Direct\Digipost.Signature.Api.Client.Direct.csproj", "{FC8FC326-4BC7-43B8-A56E-1BBDCCC820D5}"
EndProject
Project("{FAE04EC0-301F-11D3-BF4B-00C04F79EFBC}") = "Digipost.Signature.Api.Client.Core", "Digipost.Signature.Api.Client.Core\Digipost.Signature.Api.Client.Core.csproj", "{2D13F732-6A85-4165-AE2F-A87C09750398}"
EndProject
Project("{FAE04EC0-301F-11D3-BF4B-00C04F79EFBC}") = "Digipost.Signature.Api.Client.Core.Tests", "Digipost.Signature.Api.Client.Core.Tests\Digipost.Signature.Api.Client.Core.Tests.csproj", "{BF8CAAE2-F9D9-47C3-8745-A6D98A21E41F}"
EndProject
Project("{FAE04EC0-301F-11D3-BF4B-00C04F79EFBC}") = "Digipost.Signature.Api.Client.Direct.Tests", "Digipost.Signature.Api.Client.Direct.Tests\Digipost.Signature.Api.Client.Direct.Tests.csproj", "{75F9C13B-BE37-4608-AF13-7468D56EF804}"
EndProject
Project("{FAE04EC0-301F-11D3-BF4B-00C04F79EFBC}") = "Digipost.Signature.Api.Client.Portal", "Digipost.Signature.Api.Client.Portal\Digipost.Signature.Api.Client.Portal.csproj", "{D03BE351-CA1F-4AAC-968A-D3A0D8CD5197}"
EndProject
Project("{FAE04EC0-301F-11D3-BF4B-00C04F79EFBC}") = "Digipost.Signature.Api.Client.Portal.Tests", "Digipost.Signature.Api.Client.Portal.Tests\Digipost.Signature.Api.Client.Portal.Tests.csproj", "{920EE422-A785-4DFD-8237-BA0C3C7F6E0E}"
EndProject
Project("{FAE04EC0-301F-11D3-BF4B-00C04F79EFBC}") = "Digipost.Signature.Api.Client.Scripts", "Digipost.Signature.Api.Client.Scripts\Digipost.Signature.Api.Client.Scripts.csproj", "{24D1D03D-4F19-488E-8F3F-30DC6C5B7BEE}"
EndProject
Project("{FAE04EC0-301F-11D3-BF4B-00C04F79EFBC}") = "Digipost.Signature.Api.Client.Resources", "Digipost.Signature.Api.Client.Resources\Digipost.Signature.Api.Client.Resources.csproj", "{1F5941D7-0AE5-40C4-B1DE-9ADBB6926420}"
EndProject
Project("{FAE04EC0-301F-11D3-BF4B-00C04F79EFBC}") = "Digipost.Signature.Api.Client.Program", "Digipost.Signature.Api.Client.Program\Digipost.Signature.Api.Client.Program.csproj", "{E958F2C3-6E9F-4A00-B437-1965FEB6123E}"
EndProject
Project("{FAE04EC0-301F-11D3-BF4B-00C04F79EFBC}") = "Digipost.Signature.Api.Client.Docs", "Digipost.Signature.Api.Client.Docs\Digipost.Signature.Api.Client.Docs.csproj", "{7E7F2F9E-B2A5-4ED2-80FF-9410268FE373}"
EndProject
Project("{FAE04EC0-301F-11D3-BF4B-00C04F79EFBC}") = "Digipost.Signature.Api.Client.Archive", "Digipost.Signature.Api.Client.Archive\Digipost.Signature.Api.Client.Archive.csproj", "{790E446C-E0EC-40D9-B489-E0C255539229}"
EndProject
Project("{FAE04EC0-301F-11D3-BF4B-00C04F79EFBC}") = "Digipost.Signature.Api.Client.Archive.Tests", "Digipost.Signature.Api.Client.Archive.Tests\Digipost.Signature.Api.Client.Archive.Tests.csproj", "{FCE5496E-EC18-4C38-9E3C-252EF202F781}"
EndProject
Global
	GlobalSection(SolutionConfigurationPlatforms) = preSolution
		Debug|Any CPU = Debug|Any CPU
		Release|Any CPU = Release|Any CPU
	EndGlobalSection
	GlobalSection(ProjectConfigurationPlatforms) = postSolution
		{FC8FC326-4BC7-43B8-A56E-1BBDCCC820D5}.Debug|Any CPU.ActiveCfg = Debug|Any CPU
		{FC8FC326-4BC7-43B8-A56E-1BBDCCC820D5}.Debug|Any CPU.Build.0 = Debug|Any CPU
		{FC8FC326-4BC7-43B8-A56E-1BBDCCC820D5}.Release|Any CPU.ActiveCfg = Release|Any CPU
		{FC8FC326-4BC7-43B8-A56E-1BBDCCC820D5}.Release|Any CPU.Build.0 = Release|Any CPU
		{2D13F732-6A85-4165-AE2F-A87C09750398}.Debug|Any CPU.ActiveCfg = Debug|Any CPU
		{2D13F732-6A85-4165-AE2F-A87C09750398}.Debug|Any CPU.Build.0 = Debug|Any CPU
		{2D13F732-6A85-4165-AE2F-A87C09750398}.Release|Any CPU.ActiveCfg = Release|Any CPU
		{2D13F732-6A85-4165-AE2F-A87C09750398}.Release|Any CPU.Build.0 = Release|Any CPU
		{BF8CAAE2-F9D9-47C3-8745-A6D98A21E41F}.Debug|Any CPU.ActiveCfg = Debug|Any CPU
		{BF8CAAE2-F9D9-47C3-8745-A6D98A21E41F}.Debug|Any CPU.Build.0 = Debug|Any CPU
		{BF8CAAE2-F9D9-47C3-8745-A6D98A21E41F}.Release|Any CPU.ActiveCfg = Release|Any CPU
		{BF8CAAE2-F9D9-47C3-8745-A6D98A21E41F}.Release|Any CPU.Build.0 = Release|Any CPU
		{75F9C13B-BE37-4608-AF13-7468D56EF804}.Debug|Any CPU.ActiveCfg = Debug|Any CPU
		{75F9C13B-BE37-4608-AF13-7468D56EF804}.Debug|Any CPU.Build.0 = Debug|Any CPU
		{75F9C13B-BE37-4608-AF13-7468D56EF804}.Release|Any CPU.ActiveCfg = Release|Any CPU
		{75F9C13B-BE37-4608-AF13-7468D56EF804}.Release|Any CPU.Build.0 = Release|Any CPU
		{D03BE351-CA1F-4AAC-968A-D3A0D8CD5197}.Debug|Any CPU.ActiveCfg = Debug|Any CPU
		{D03BE351-CA1F-4AAC-968A-D3A0D8CD5197}.Debug|Any CPU.Build.0 = Debug|Any CPU
		{D03BE351-CA1F-4AAC-968A-D3A0D8CD5197}.Release|Any CPU.ActiveCfg = Release|Any CPU
		{D03BE351-CA1F-4AAC-968A-D3A0D8CD5197}.Release|Any CPU.Build.0 = Release|Any CPU
		{920EE422-A785-4DFD-8237-BA0C3C7F6E0E}.Debug|Any CPU.ActiveCfg = Debug|Any CPU
		{920EE422-A785-4DFD-8237-BA0C3C7F6E0E}.Debug|Any CPU.Build.0 = Debug|Any CPU
		{920EE422-A785-4DFD-8237-BA0C3C7F6E0E}.Release|Any CPU.ActiveCfg = Release|Any CPU
		{920EE422-A785-4DFD-8237-BA0C3C7F6E0E}.Release|Any CPU.Build.0 = Release|Any CPU
		{24D1D03D-4F19-488E-8F3F-30DC6C5B7BEE}.Debug|Any CPU.ActiveCfg = Debug|Any CPU
		{24D1D03D-4F19-488E-8F3F-30DC6C5B7BEE}.Debug|Any CPU.Build.0 = Debug|Any CPU
		{24D1D03D-4F19-488E-8F3F-30DC6C5B7BEE}.Release|Any CPU.ActiveCfg = Release|Any CPU
		{24D1D03D-4F19-488E-8F3F-30DC6C5B7BEE}.Release|Any CPU.Build.0 = Release|Any CPU
		{1F5941D7-0AE5-40C4-B1DE-9ADBB6926420}.Debug|Any CPU.ActiveCfg = Debug|Any CPU
		{1F5941D7-0AE5-40C4-B1DE-9ADBB6926420}.Debug|Any CPU.Build.0 = Debug|Any CPU
		{1F5941D7-0AE5-40C4-B1DE-9ADBB6926420}.Release|Any CPU.ActiveCfg = Release|Any CPU
		{1F5941D7-0AE5-40C4-B1DE-9ADBB6926420}.Release|Any CPU.Build.0 = Release|Any CPU
		{E958F2C3-6E9F-4A00-B437-1965FEB6123E}.Debug|Any CPU.ActiveCfg = Debug|Any CPU
		{E958F2C3-6E9F-4A00-B437-1965FEB6123E}.Debug|Any CPU.Build.0 = Debug|Any CPU
		{E958F2C3-6E9F-4A00-B437-1965FEB6123E}.Release|Any CPU.ActiveCfg = Release|Any CPU
		{E958F2C3-6E9F-4A00-B437-1965FEB6123E}.Release|Any CPU.Build.0 = Release|Any CPU
		{7E7F2F9E-B2A5-4ED2-80FF-9410268FE373}.Debug|Any CPU.ActiveCfg = Debug|Any CPU
		{7E7F2F9E-B2A5-4ED2-80FF-9410268FE373}.Debug|Any CPU.Build.0 = Debug|Any CPU
		{7E7F2F9E-B2A5-4ED2-80FF-9410268FE373}.Release|Any CPU.ActiveCfg = Release|Any CPU
		{7E7F2F9E-B2A5-4ED2-80FF-9410268FE373}.Release|Any CPU.Build.0 = Release|Any CPU
		{790E446C-E0EC-40D9-B489-E0C255539229}.Debug|Any CPU.ActiveCfg = Debug|Any CPU
		{790E446C-E0EC-40D9-B489-E0C255539229}.Debug|Any CPU.Build.0 = Debug|Any CPU
		{790E446C-E0EC-40D9-B489-E0C255539229}.Release|Any CPU.ActiveCfg = Release|Any CPU
		{790E446C-E0EC-40D9-B489-E0C255539229}.Release|Any CPU.Build.0 = Release|Any CPU
		{FCE5496E-EC18-4C38-9E3C-252EF202F781}.Debug|Any CPU.ActiveCfg = Debug|Any CPU
		{FCE5496E-EC18-4C38-9E3C-252EF202F781}.Debug|Any CPU.Build.0 = Debug|Any CPU
		{FCE5496E-EC18-4C38-9E3C-252EF202F781}.Release|Any CPU.ActiveCfg = Release|Any CPU
		{FCE5496E-EC18-4C38-9E3C-252EF202F781}.Release|Any CPU.Build.0 = Release|Any CPU
	EndGlobalSection
	GlobalSection(SolutionProperties) = preSolution
		HideSolutionNode = FALSE
	EndGlobalSection
	GlobalSection(ExtensibilityGlobals) = postSolution
		SolutionGuid = {ADB5D290-8187-44D2-BF34-75BD916C95AB}
	EndGlobalSection
EndGlobal
