
Microsoft Visual Studio Solution File, Format Version 12.00
# Visual Studio 14
VisualStudioVersion = 14.0.23107.0
MinimumVisualStudioVersion = 10.0.40219.1
Project("{FAE04EC0-301F-11D3-BF4B-00C04F79EFBC}") = "Digipost.Signature.Api.Client.Core", "Digipost.Signature.Api.Client.Domain\Digipost.Signature.Api.Client.Core.csproj", "{2D13F732-6A85-4165-AE2F-A87C09750398}"
EndProject
Project("{FAE04EC0-301F-11D3-BF4B-00C04F79EFBC}") = "Digipost.Signature.Api.Client.Direct", "Digipost.Signature.Api.Client.Direct\Digipost.Signature.Api.Client.Direct.csproj", "{FC8FC326-4BC7-43B8-A56E-1BBDCCC820D5}"
EndProject
Project("{FAE04EC0-301F-11D3-BF4B-00C04F79EFBC}") = "Digipost.Signature.Api.Client.Tests", "Digipost.Signature.Api.Client.Tests\Digipost.Signature.Api.Client.Tests.csproj", "{75F9C13B-BE37-4608-AF13-7468D56EF804}"
EndProject
Project("{FAE04EC0-301F-11D3-BF4B-00C04F79EFBC}") = "Digipost.Signature.Api.Client.Asice", "Digipost.Signature.Api.Client.Asice\Digipost.Signature.Api.Client.Asice.csproj", "{CA2CD6DF-9BE7-46E4-832F-28BB4297E713}"
EndProject
Project("{2150E333-8FDC-42A3-9474-1A3956D46DE8}") = "Solution Items", "Solution Items", "{09346DFD-5DA1-42E4-B3E3-79720846FB60}"
	ProjectSection(SolutionItems) = preProject
		SharedAssemblyInfo.cs = SharedAssemblyInfo.cs
	EndProjectSection
EndProject
Project("{FAE04EC0-301F-11D3-BF4B-00C04F79EFBC}") = "Digipost.Signature.Api.Client.TestClient", "Digipost.Signature.Api.Client.TestClient\Digipost.Signature.Api.Client.TestClient.csproj", "{469E8C38-800F-4107-8779-CC918AE0DA23}"
EndProject
Global
	GlobalSection(SolutionConfigurationPlatforms) = preSolution
		Debug|Any CPU = Debug|Any CPU
		Release|Any CPU = Release|Any CPU
	EndGlobalSection
	GlobalSection(ProjectConfigurationPlatforms) = postSolution
		{2D13F732-6A85-4165-AE2F-A87C09750398}.Debug|Any CPU.ActiveCfg = Debug|Any CPU
		{2D13F732-6A85-4165-AE2F-A87C09750398}.Debug|Any CPU.Build.0 = Debug|Any CPU
		{2D13F732-6A85-4165-AE2F-A87C09750398}.Release|Any CPU.ActiveCfg = Release|Any CPU
		{2D13F732-6A85-4165-AE2F-A87C09750398}.Release|Any CPU.Build.0 = Release|Any CPU
		{FC8FC326-4BC7-43B8-A56E-1BBDCCC820D5}.Debug|Any CPU.ActiveCfg = Debug|Any CPU
		{FC8FC326-4BC7-43B8-A56E-1BBDCCC820D5}.Debug|Any CPU.Build.0 = Debug|Any CPU
		{FC8FC326-4BC7-43B8-A56E-1BBDCCC820D5}.Release|Any CPU.ActiveCfg = Release|Any CPU
		{FC8FC326-4BC7-43B8-A56E-1BBDCCC820D5}.Release|Any CPU.Build.0 = Release|Any CPU
		{75F9C13B-BE37-4608-AF13-7468D56EF804}.Debug|Any CPU.ActiveCfg = Debug|Any CPU
		{75F9C13B-BE37-4608-AF13-7468D56EF804}.Debug|Any CPU.Build.0 = Debug|Any CPU
		{75F9C13B-BE37-4608-AF13-7468D56EF804}.Release|Any CPU.ActiveCfg = Release|Any CPU
		{75F9C13B-BE37-4608-AF13-7468D56EF804}.Release|Any CPU.Build.0 = Release|Any CPU
		{CA2CD6DF-9BE7-46E4-832F-28BB4297E713}.Debug|Any CPU.ActiveCfg = Debug|Any CPU
		{CA2CD6DF-9BE7-46E4-832F-28BB4297E713}.Debug|Any CPU.Build.0 = Debug|Any CPU
		{CA2CD6DF-9BE7-46E4-832F-28BB4297E713}.Release|Any CPU.ActiveCfg = Release|Any CPU
		{CA2CD6DF-9BE7-46E4-832F-28BB4297E713}.Release|Any CPU.Build.0 = Release|Any CPU
		{469E8C38-800F-4107-8779-CC918AE0DA23}.Debug|Any CPU.ActiveCfg = Debug|Any CPU
		{469E8C38-800F-4107-8779-CC918AE0DA23}.Debug|Any CPU.Build.0 = Debug|Any CPU
		{469E8C38-800F-4107-8779-CC918AE0DA23}.Release|Any CPU.ActiveCfg = Release|Any CPU
		{469E8C38-800F-4107-8779-CC918AE0DA23}.Release|Any CPU.Build.0 = Release|Any CPU
	EndGlobalSection
	GlobalSection(SolutionProperties) = preSolution
		HideSolutionNode = FALSE
	EndGlobalSection
EndGlobal
