
Microsoft Visual Studio Solution File, Format Version 12.00
# Visual Studio 14
VisualStudioVersion = 14.0.24720.0
MinimumVisualStudioVersion = 10.0.40219.1
Project("{FAE04EC0-301F-11D3-BF4B-00C04F79EFBC}") = "Digipost.Signature.Api.Client.Direct", "Digipost.Signature.Api.Client.Direct\Digipost.Signature.Api.Client.Direct.csproj", "{FC8FC326-4BC7-43B8-A56E-1BBDCCC820D5}"
EndProject
Project("{2150E333-8FDC-42A3-9474-1A3956D46DE8}") = "Solution Items", "Solution Items", "{09346DFD-5DA1-42E4-B3E3-79720846FB60}"
	ProjectSection(SolutionItems) = preProject
		SolutionItems\App.config = SolutionItems\App.config
		SolutionItems\SharedAssemblyInfo.cs = SolutionItems\SharedAssemblyInfo.cs
	EndProjectSection
EndProject
Project("{FAE04EC0-301F-11D3-BF4B-00C04F79EFBC}") = "Digipost.Signature.Api.Client.TestClient", "Digipost.Signature.Api.Client.TestClient\Digipost.Signature.Api.Client.TestClient.csproj", "{469E8C38-800F-4107-8779-CC918AE0DA23}"
EndProject
Project("{FAE04EC0-301F-11D3-BF4B-00C04F79EFBC}") = "Digipost.Signature.Api.Client.Core", "Digipost.Signature.Api.Client.Core\Digipost.Signature.Api.Client.Core.csproj", "{2D13F732-6A85-4165-AE2F-A87C09750398}"
EndProject
Project("{FAE04EC0-301F-11D3-BF4B-00C04F79EFBC}") = "Digipost.Signature.Api.Client.Core.Tests", "Digipost.Signature.Api.Client.Core.Tests\Digipost.Signature.Api.Client.Core.Tests.csproj", "{BF8CAAE2-F9D9-47C3-8745-A6D98A21E41F}"
EndProject
Project("{FAE04EC0-301F-11D3-BF4B-00C04F79EFBC}") = "Digipost.Signature.Api.Client.Direct.Tests", "Digipost.Signature.Api.Client.Direct.Tests\Digipost.Signature.Api.Client.Direct.Tests.csproj", "{75F9C13B-BE37-4608-AF13-7468D56EF804}"
EndProject
Project("{FAE04EC0-301F-11D3-BF4B-00C04F79EFBC}") = "Digipost.Signature.Api.Client.Portal", "Digipost.Signature.Api.Client.Portal\Digipost.Signature.Api.Client.Portal.csproj", "{D03BE351-CA1F-4AAC-968A-D3A0D8CD5197}"
EndProject
Project("{FAE04EC0-301F-11D3-BF4B-00C04F79EFBC}") = "Digipost.Signature.Api.Client.Portal.Tests", "Digipost.Signature.Api.Client.Portal.Tests\Digipost.Signature.Api.Client.Portal.Tests.csproj", "{920EE422-A785-4DFD-8237-BA0C3C7F6E0E}"
EndProject
Project("{FAE04EC0-301F-11D3-BF4B-00C04F79EFBC}") = "Digipost.Signature.Api.Client.Scripts", "Digipost.Signature.Api.Client.Scripts\Digipost.Signature.Api.Client.Scripts.csproj", "{24D1D03D-4F19-488E-8F3F-30DC6C5B7BEE}"
EndProject
Global
	GlobalSection(SolutionConfigurationPlatforms) = preSolution
		Debug|Any CPU = Debug|Any CPU
		Release|Any CPU = Release|Any CPU
	EndGlobalSection
	GlobalSection(ProjectConfigurationPlatforms) = postSolution
		{FC8FC326-4BC7-43B8-A56E-1BBDCCC820D5}.Debug|Any CPU.ActiveCfg = Debug|Any CPU
		{FC8FC326-4BC7-43B8-A56E-1BBDCCC820D5}.Debug|Any CPU.Build.0 = Debug|Any CPU
		{FC8FC326-4BC7-43B8-A56E-1BBDCCC820D5}.Release|Any CPU.ActiveCfg = Release|Any CPU
		{FC8FC326-4BC7-43B8-A56E-1BBDCCC820D5}.Release|Any CPU.Build.0 = Release|Any CPU
		{469E8C38-800F-4107-8779-CC918AE0DA23}.Debug|Any CPU.ActiveCfg = Debug|Any CPU
		{469E8C38-800F-4107-8779-CC918AE0DA23}.Debug|Any CPU.Build.0 = Debug|Any CPU
		{469E8C38-800F-4107-8779-CC918AE0DA23}.Release|Any CPU.ActiveCfg = Release|Any CPU
		{469E8C38-800F-4107-8779-CC918AE0DA23}.Release|Any CPU.Build.0 = Release|Any CPU
		{2D13F732-6A85-4165-AE2F-A87C09750398}.Debug|Any CPU.ActiveCfg = Debug|Any CPU
		{2D13F732-6A85-4165-AE2F-A87C09750398}.Debug|Any CPU.Build.0 = Debug|Any CPU
		{2D13F732-6A85-4165-AE2F-A87C09750398}.Release|Any CPU.ActiveCfg = Release|Any CPU
		{2D13F732-6A85-4165-AE2F-A87C09750398}.Release|Any CPU.Build.0 = Release|Any CPU
		{BF8CAAE2-F9D9-47C3-8745-A6D98A21E41F}.Debug|Any CPU.ActiveCfg = Debug|Any CPU
		{BF8CAAE2-F9D9-47C3-8745-A6D98A21E41F}.Debug|Any CPU.Build.0 = Debug|Any CPU
		{BF8CAAE2-F9D9-47C3-8745-A6D98A21E41F}.Release|Any CPU.ActiveCfg = Release|Any CPU
		{BF8CAAE2-F9D9-47C3-8745-A6D98A21E41F}.Release|Any CPU.Build.0 = Release|Any CPU
		{75F9C13B-BE37-4608-AF13-7468D56EF804}.Debug|Any CPU.ActiveCfg = Debug|Any CPU
		{75F9C13B-BE37-4608-AF13-7468D56EF804}.Debug|Any CPU.Build.0 = Debug|Any CPU
		{75F9C13B-BE37-4608-AF13-7468D56EF804}.Release|Any CPU.ActiveCfg = Release|Any CPU
		{75F9C13B-BE37-4608-AF13-7468D56EF804}.Release|Any CPU.Build.0 = Release|Any CPU
		{D03BE351-CA1F-4AAC-968A-D3A0D8CD5197}.Debug|Any CPU.ActiveCfg = Debug|Any CPU
		{D03BE351-CA1F-4AAC-968A-D3A0D8CD5197}.Debug|Any CPU.Build.0 = Debug|Any CPU
		{D03BE351-CA1F-4AAC-968A-D3A0D8CD5197}.Release|Any CPU.ActiveCfg = Release|Any CPU
		{D03BE351-CA1F-4AAC-968A-D3A0D8CD5197}.Release|Any CPU.Build.0 = Release|Any CPU
		{920EE422-A785-4DFD-8237-BA0C3C7F6E0E}.Debug|Any CPU.ActiveCfg = Debug|Any CPU
		{920EE422-A785-4DFD-8237-BA0C3C7F6E0E}.Debug|Any CPU.Build.0 = Debug|Any CPU
		{920EE422-A785-4DFD-8237-BA0C3C7F6E0E}.Release|Any CPU.ActiveCfg = Release|Any CPU
		{920EE422-A785-4DFD-8237-BA0C3C7F6E0E}.Release|Any CPU.Build.0 = Release|Any CPU
		{24D1D03D-4F19-488E-8F3F-30DC6C5B7BEE}.Debug|Any CPU.ActiveCfg = Debug|Any CPU
		{24D1D03D-4F19-488E-8F3F-30DC6C5B7BEE}.Debug|Any CPU.Build.0 = Debug|Any CPU
		{24D1D03D-4F19-488E-8F3F-30DC6C5B7BEE}.Release|Any CPU.ActiveCfg = Release|Any CPU
		{24D1D03D-4F19-488E-8F3F-30DC6C5B7BEE}.Release|Any CPU.Build.0 = Release|Any CPU
	EndGlobalSection
	GlobalSection(SolutionProperties) = preSolution
		HideSolutionNode = FALSE
	EndGlobalSection
EndGlobal
